Microsoft Visual Studio Solution File, Format Version 12.00
# Visual Studio Version 17
VisualStudioVersion = 17.5.2.0
MinimumVisualStudioVersion = 10.0.40219.1
Project("{2150E333-8FDC-42A3-9474-1A3956D46DE8}") = "src", "src", "{827E0CD3-B72D-47B6-A68D-7590B98EB39B}"
EndProject
Project("{FAE04EC0-301F-11D3-BF4B-00C04F79EFBC}") = "StoresService", "src\StoresService\StoresService.csproj", "{353495E8-56A4-2278-4980-5F83C4609B5C}"
EndProject
Global
	GlobalSection(SolutionConfigurationPlatforms) = preSolution
		Debug|Any CPU = Debug|Any CPU
		Release|Any CPU = Release|Any CPU
	EndGlobalSection
	GlobalSection(ProjectConfigurationPlatforms) = postSolution
		{353495E8-56A4-2278-4980-5F83C4609B5C}.Debug|Any CPU.ActiveCfg = Debug|Any CPU
		{353495E8-56A4-2278-4980-5F83C4609B5C}.Debug|Any CPU.Build.0 = Debug|Any CPU
		{353495E8-56A4-2278-4980-5F83C4609B5C}.Release|Any CPU.ActiveCfg = Release|Any CPU
		{353495E8-56A4-2278-4980-5F83C4609B5C}.Release|Any CPU.Build.0 = Release|Any CPU
	EndGlobalSection
	GlobalSection(SolutionProperties) = preSolution
		HideSolutionNode = FALSE
	EndGlobalSection
	GlobalSection(NestedProjects) = preSolution
		{353495E8-56A4-2278-4980-5F83C4609B5C} = {827E0CD3-B72D-47B6-A68D-7590B98EB39B}
	EndGlobalSection
	GlobalSection(ExtensibilityGlobals) = postSolution
		SolutionGuid = {AD6F2430-3AEB-4E01-A9E0-3EF48158D0CC}
	EndGlobalSection
EndGlobal
